// !$*UTF8*$!
{
	archiveVersion = 1;
	classes = {
	};
	objectVersion = 46;
	objects = {

/* Begin PBXBuildFile section */
		600333561CBA0673007BA868 /* AppDelegate.m in Sources */ = {isa = PBXBuildFile; fileRef = 600333551CBA0673007BA868 /* AppDelegate.m */; };
		600333591CBA0673007BA868 /* main.m in Sources */ = {isa = PBXBuildFile; fileRef = 600333581CBA0673007BA868 /* main.m */; };
		6003335B1CBA0673007BA868 /* Assets.xcassets in Resources */ = {isa = PBXBuildFile; fileRef = 6003335A1CBA0673007BA868 /* Assets.xcassets */; };
		6003335E1CBA0673007BA868 /* MainMenu.xib in Resources */ = {isa = PBXBuildFile; fileRef = 6003335C1CBA0673007BA868 /* MainMenu.xib */; };
		600333661CBA068D007BA868 /* OpenGL.framework in Frameworks */ = {isa = PBXBuildFile; fileRef = 600333651CBA068D007BA868 /* OpenGL.framework */; };
		600333691CBA06B8007BA868 /* OpenGLView.m in Sources */ = {isa = PBXBuildFile; fileRef = 600333681CBA06B8007BA868 /* OpenGLView.m */; };
		602A9FCD1CC1AC1A0051CFEF /* NodeStore.m in Sources */ = {isa = PBXBuildFile; fileRef = 602A9FCC1CC1AC1A0051CFEF /* NodeStore.m */; };
		602A9FD01CC1AC250051CFEF /* Node.m in Sources */ = {isa = PBXBuildFile; fileRef = 602A9FCF1CC1AC250051CFEF /* Node.m */; };
		602A9FD31CC1AC360051CFEF /* Host.m in Sources */ = {isa = PBXBuildFile; fileRef = 602A9FD21CC1AC360051CFEF /* Host.m */; };
		606FFB181CC6DE1800A1CF70 /* HostStore.m in Sources */ = {isa = PBXBuildFile; fileRef = 606FFB171CC6DE1800A1CF70 /* HostStore.m */; };
		6085D1F51CC30539001D9820 /* CaptureWorker.m in Sources */ = {isa = PBXBuildFile; fileRef = 6085D1F41CC30539001D9820 /* CaptureWorker.m */; };
		60D8D4D41CBB7A79006ADE15 /* libpcap.tbd in Frameworks */ = {isa = PBXBuildFile; fileRef = 60D8D4D31CBB7A79006ADE15 /* libpcap.tbd */; };
/* End PBXBuildFile section */

/* Begin PBXFileReference section */
		600333511CBA0673007BA868 /* Interconnect.app */ = {isa = PBXFileReference; explicitFileType = wrapper.application; includeInIndex = 0; path = Interconnect.app; sourceTree = BUILT_PRODUCTS_DIR; };
		600333541CBA0673007BA868 /* AppDelegate.h */ = {isa = PBXFileReference; lastKnownFileType = sourcecode.c.h; path = AppDelegate.h; sourceTree = "<group>"; };
		600333551CBA0673007BA868 /* AppDelegate.m */ = {isa = PBXFileReference; lastKnownFileType = sourcecode.c.objc; path = AppDelegate.m; sourceTree = "<group>"; };
		600333581CBA0673007BA868 /* main.m */ = {isa = PBXFileReference; lastKnownFileType = sourcecode.c.objc; path = main.m; sourceTree = "<group>"; };
		6003335A1CBA0673007BA868 /* Assets.xcassets */ = {isa = PBXFileReference; lastKnownFileType = folder.assetcatalog; path = Assets.xcassets; sourceTree = "<group>"; };
		6003335D1CBA0673007BA868 /* Base */ = {isa = PBXFileReference; lastKnownFileType = file.xib; name = Base; path = Base.lproj/MainMenu.xib; sourceTree = "<group>"; };
		6003335F1CBA0673007BA868 /* Info.plist */ = {isa = PBXFileReference; lastKnownFileType = text.plist.xml; path = Info.plist; sourceTree = "<group>"; };
		600333651CBA068D007BA868 /* OpenGL.framework */ = {isa = PBXFileReference; lastKnownFileType = wrapper.framework; name = OpenGL.framework; path = System/Library/Frameworks/OpenGL.framework; sourceTree = SDKROOT; };
		600333671CBA06B8007BA868 /* OpenGLView.h */ = {isa = PBXFileReference; fileEncoding = 4; lastKnownFileType = sourcecode.c.h; path = OpenGLView.h; sourceTree = "<group>"; };
		600333681CBA06B8007BA868 /* OpenGLView.m */ = {isa = PBXFileReference; fileEncoding = 4; lastKnownFileType = sourcecode.c.objc; path = OpenGLView.m; sourceTree = "<group>"; };
		602A9FCB1CC1AC1A0051CFEF /* NodeStore.h */ = {isa = PBXFileReference; fileEncoding = 4; lastKnownFileType = sourcecode.c.h; path = NodeStore.h; sourceTree = "<group>"; };
		602A9FCC1CC1AC1A0051CFEF /* NodeStore.m */ = {isa = PBXFileReference; fileEncoding = 4; lastKnownFileType = sourcecode.c.objc; path = NodeStore.m; sourceTree = "<group>"; };
		602A9FCE1CC1AC250051CFEF /* Node.h */ = {isa = PBXFileReference; fileEncoding = 4; lastKnownFileType = sourcecode.c.h; path = Node.h; sourceTree = "<group>"; };
		602A9FCF1CC1AC250051CFEF /* Node.m */ = {isa = PBXFileReference; fileEncoding = 4; lastKnownFileType = sourcecode.c.objc; path = Node.m; sourceTree = "<group>"; };
		602A9FD11CC1AC360051CFEF /* Host.h */ = {isa = PBXFileReference; fileEncoding = 4; lastKnownFileType = sourcecode.c.h; path = Host.h; sourceTree = "<group>"; };
		602A9FD21CC1AC360051CFEF /* Host.m */ = {isa = PBXFileReference; fileEncoding = 4; lastKnownFileType = sourcecode.c.objc; path = Host.m; sourceTree = "<group>"; };
		606FFB161CC6DE1800A1CF70 /* HostStore.h */ = {isa = PBXFileReference; fileEncoding = 4; lastKnownFileType = sourcecode.c.h; path = HostStore.h; sourceTree = "<group>"; };
		606FFB171CC6DE1800A1CF70 /* HostStore.m */ = {isa = PBXFileReference; fileEncoding = 4; lastKnownFileType = sourcecode.c.objc; path = HostStore.m; sourceTree = "<group>"; };
		6085D1F31CC30539001D9820 /* CaptureWorker.h */ = {isa = PBXFileReference; fileEncoding = 4; lastKnownFileType = sourcecode.c.h; path = CaptureWorker.h; sourceTree = "<group>"; };
		6085D1F41CC30539001D9820 /* CaptureWorker.m */ = {isa = PBXFileReference; fileEncoding = 4; lastKnownFileType = sourcecode.c.objc; path = CaptureWorker.m; sourceTree = "<group>"; };
		6085D1F71CC3102C001D9820 /* PacketHeaders.h */ = {isa = PBXFileReference; lastKnownFileType = sourcecode.c.h; path = PacketHeaders.h; sourceTree = "<group>"; };
		60D8D4D31CBB7A79006ADE15 /* libpcap.tbd */ = {isa = PBXFileReference; lastKnownFileType = "sourcecode.text-based-dylib-definition"; name = libpcap.tbd; path = usr/lib/libpcap.tbd; sourceTree = SDKROOT; };
/* End PBXFileReference section */

/* Begin PBXFrameworksBuildPhase section */
		6003334E1CBA0673007BA868 /* Frameworks */ = {
			isa = PBXFrameworksBuildPhase;
			buildActionMask = 2147483647;
			files = (
				60D8D4D41CBB7A79006ADE15 /* libpcap.tbd in Frameworks */,
				600333661CBA068D007BA868 /* OpenGL.framework in Frameworks */,
			);
			runOnlyForDeploymentPostprocessing = 0;
		};
/* End PBXFrameworksBuildPhase section */

/* Begin PBXGroup section */
		600333481CBA0673007BA868 = {
			isa = PBXGroup;
			children = (
				60D8D4D31CBB7A79006ADE15 /* libpcap.tbd */,
				600333651CBA068D007BA868 /* OpenGL.framework */,
				600333531CBA0673007BA868 /* Interconnect */,
				600333521CBA0673007BA868 /* Products */,
			);
			sourceTree = "<group>";
		};
		600333521CBA0673007BA868 /* Products */ = {
			isa = PBXGroup;
			children = (
				600333511CBA0673007BA868 /* Interconnect.app */,
			);
			name = Products;
			sourceTree = "<group>";
		};
		600333531CBA0673007BA868 /* Interconnect */ = {
			isa = PBXGroup;
			children = (
				6003336A1CBA06BC007BA868 /* Views */,
				6085D1F61CC30541001D9820 /* Capture */,
				602A9FCA1CC1AC060051CFEF /* Model */,
				600333541CBA0673007BA868 /* AppDelegate.h */,
				600333551CBA0673007BA868 /* AppDelegate.m */,
				6003335A1CBA0673007BA868 /* Assets.xcassets */,
				6003335C1CBA0673007BA868 /* MainMenu.xib */,
				6003335F1CBA0673007BA868 /* Info.plist */,
				600333571CBA0673007BA868 /* Supporting Files */,
			);
			path = Interconnect;
			sourceTree = "<group>";
		};
		600333571CBA0673007BA868 /* Supporting Files */ = {
			isa = PBXGroup;
			children = (
				600333581CBA0673007BA868 /* main.m */,
			);
			name = "Supporting Files";
			sourceTree = "<group>";
		};
		6003336A1CBA06BC007BA868 /* Views */ = {
			isa = PBXGroup;
			children = (
				600333671CBA06B8007BA868 /* OpenGLView.h */,
				600333681CBA06B8007BA868 /* OpenGLView.m */,
			);
			name = Views;
			sourceTree = "<group>";
		};
		602A9FCA1CC1AC060051CFEF /* Model */ = {
			isa = PBXGroup;
			children = (
				602A9FCB1CC1AC1A0051CFEF /* NodeStore.h */,
				602A9FCC1CC1AC1A0051CFEF /* NodeStore.m */,
				606FFB161CC6DE1800A1CF70 /* HostStore.h */,
				606FFB171CC6DE1800A1CF70 /* HostStore.m */,
				602A9FCE1CC1AC250051CFEF /* Node.h */,
				602A9FCF1CC1AC250051CFEF /* Node.m */,
				602A9FD11CC1AC360051CFEF /* Host.h */,
				602A9FD21CC1AC360051CFEF /* Host.m */,
			);
			name = Model;
			sourceTree = "<group>";
		};
		6085D1F61CC30541001D9820 /* Capture */ = {
			isa = PBXGroup;
			children = (
				6085D1F31CC30539001D9820 /* CaptureWorker.h */,
				6085D1F41CC30539001D9820 /* CaptureWorker.m */,
				6085D1F71CC3102C001D9820 /* PacketHeaders.h */,
			);
			name = Capture;
			sourceTree = "<group>";
		};
/* End PBXGroup section */

/* Begin PBXNativeTarget section */
		600333501CBA0673007BA868 /* Interconnect */ = {
			isa = PBXNativeTarget;
			buildConfigurationList = 600333621CBA0673007BA868 /* Build configuration list for PBXNativeTarget "Interconnect" */;
			buildPhases = (
				6003334D1CBA0673007BA868 /* Sources */,
				6003334E1CBA0673007BA868 /* Frameworks */,
				6003334F1CBA0673007BA868 /* Resources */,
			);
			buildRules = (
			);
			dependencies = (
			);
			name = Interconnect;
			productName = Interconnect;
			productReference = 600333511CBA0673007BA868 /* Interconnect.app */;
			productType = "com.apple.product-type.application";
		};
/* End PBXNativeTarget section */

/* Begin PBXProject section */
		600333491CBA0673007BA868 /* Project object */ = {
			isa = PBXProject;
			attributes = {
				LastUpgradeCheck = 0730;
				ORGANIZATIONNAME = oroboto;
				TargetAttributes = {
					600333501CBA0673007BA868 = {
						CreatedOnToolsVersion = 7.3;
					};
				};
			};
			buildConfigurationList = 6003334C1CBA0673007BA868 /* Build configuration list for PBXProject "Interconnect" */;
			compatibilityVersion = "Xcode 3.2";
			developmentRegion = English;
			hasScannedForEncodings = 0;
			knownRegions = (
				en,
				Base,
			);
			mainGroup = 600333481CBA0673007BA868;
			productRefGroup = 600333521CBA0673007BA868 /* Products */;
			projectDirPath = "";
			projectRoot = "";
			targets = (
				600333501CBA0673007BA868 /* Interconnect */,
			);
		};
/* End PBXProject section */

/* Begin PBXResourcesBuildPhase section */
		6003334F1CBA0673007BA868 /* Resources */ = {
			isa = PBXResourcesBuildPhase;
			buildActionMask = 2147483647;
			files = (
				6003335B1CBA0673007BA868 /* Assets.xcassets in Resources */,
				6003335E1CBA0673007BA868 /* MainMenu.xib in Resources */,
			);
			runOnlyForDeploymentPostprocessing = 0;
		};
/* End PBXResourcesBuildPhase section */

/* Begin PBXSourcesBuildPhase section */
		6003334D1CBA0673007BA868 /* Sources */ = {
			isa = PBXSourcesBuildPhase;
			buildActionMask = 2147483647;
			files = (
				602A9FD01CC1AC250051CFEF /* Node.m in Sources */,
				606FFB181CC6DE1800A1CF70 /* HostStore.m in Sources */,
				600333591CBA0673007BA868 /* main.m in Sources */,
				602A9FCD1CC1AC1A0051CFEF /* NodeStore.m in Sources */,
				600333691CBA06B8007BA868 /* OpenGLView.m in Sources */,
				600333561CBA0673007BA868 /* AppDelegate.m in Sources */,
				602A9FD31CC1AC360051CFEF /* Host.m in Sources */,
				6085D1F51CC30539001D9820 /* CaptureWorker.m in Sources */,
			);
			runOnlyForDeploymentPostprocessing = 0;
		};
/* End PBXSourcesBuildPhase section */

/* Begin PBXVariantGroup section */
		6003335C1CBA0673007BA868 /* MainMenu.xib */ = {
			isa = PBXVariantGroup;
			children = (
				6003335D1CBA0673007BA868 /* Base */,
			);
			name = MainMenu.xib;
			sourceTree = "<group>";
		};
/* End PBXVariantGroup section */

/* Begin XCBuildConfiguration section */
		600333601CBA0673007BA868 /* Debug */ = {
			isa = XCBuildConfiguration;
			buildSettings = {
				ALWAYS_SEARCH_USER_PATHS = NO;
				CLANG_ANALYZER_NONNULL = YES;
				CLANG_CXX_LANGUAGE_STANDARD = "gnu++0x";
				CLANG_CXX_LIBRARY = "libc++";
				CLANG_ENABLE_MODULES = YES;
				CLANG_ENABLE_OBJC_ARC = YES;
				CLANG_WARN_BOOL_CONVERSION = YES;
				CLANG_WARN_CONSTANT_CONVERSION = YES;
				CLANG_WARN_DIRECT_OBJC_ISA_USAGE = YES_ERROR;
				CLANG_WARN_EMPTY_BODY = YES;
				CLANG_WARN_ENUM_CONVERSION = YES;
				CLANG_WARN_INT_CONVERSION = YES;
				CLANG_WARN_OBJC_ROOT_CLASS = YES_ERROR;
				CLANG_WARN_UNREACHABLE_CODE = YES;
				CLANG_WARN__DUPLICATE_METHOD_MATCH = YES;
				CODE_SIGN_IDENTITY = "-";
				COPY_PHASE_STRIP = NO;
				DEBUG_INFORMATION_FORMAT = dwarf;
				ENABLE_STRICT_OBJC_MSGSEND = YES;
				ENABLE_TESTABILITY = YES;
				GCC_C_LANGUAGE_STANDARD = gnu99;
				GCC_DYNAMIC_NO_PIC = NO;
				GCC_NO_COMMON_BLOCKS = YES;
				GCC_OPTIMIZATION_LEVEL = 0;
				GCC_PREPROCESSOR_DEFINITIONS = (
					"DEBUG=1",
					"$(inherited)",
				);
				GCC_WARN_64_TO_32_BIT_CONVERSION = YES;
				GCC_WARN_ABOUT_RETURN_TYPE = YES_ERROR;
				GCC_WARN_UNDECLARED_SELECTOR = YES;
				GCC_WARN_UNINITIALIZED_AUTOS = YES_AGGRESSIVE;
				GCC_WARN_UNUSED_FUNCTION = YES;
				GCC_WARN_UNUSED_VARIABLE = YES;
				MACOSX_DEPLOYMENT_TARGET = 10.11;
				MTL_ENABLE_DEBUG_INFO = YES;
				ONLY_ACTIVE_ARCH = YES;
				SDKROOT = macosx;
			};
			name = Debug;
		};
		600333611CBA0673007BA868 /* Release */ = {
			isa = XCBuildConfiguration;
			buildSettings = {
				ALWAYS_SEARCH_USER_PATHS = NO;
				CLANG_ANALYZER_NONNULL = YES;
				CLANG_CXX_LANGUAGE_STANDARD = "gnu++0x";
				CLANG_CXX_LIBRARY = "libc++";
				CLANG_ENABLE_MODULES = YES;
				CLANG_ENABLE_OBJC_ARC = YES;
				CLANG_WARN_BOOL_CONVERSION = YES;
				CLANG_WARN_CONSTANT_CONVERSION = YES;
				CLANG_WARN_DIRECT_OBJC_ISA_USAGE = YES_ERROR;
				CLANG_WARN_EMPTY_BODY = YES;
				CLANG_WARN_ENUM_CONVERSION = YES;
				CLANG_WARN_INT_CONVERSION = YES;
				CLANG_WARN_OBJC_ROOT_CLASS = YES_ERROR;
				CLANG_WARN_UNREACHABLE_CODE = YES;
				CLANG_WARN__DUPLICATE_METHOD_MATCH = YES;
				CODE_SIGN_IDENTITY = "-";
				COPY_PHASE_STRIP = NO;
				DEBUG_INFORMATION_FORMAT = "dwarf-with-dsym";
				ENABLE_NS_ASSERTIONS = NO;
				ENABLE_STRICT_OBJC_MSGSEND = YES;
				GCC_C_LANGUAGE_STANDARD = gnu99;
				GCC_NO_COMMON_BLOCKS = YES;
				GCC_WARN_64_TO_32_BIT_CONVERSION = YES;
				GCC_WARN_ABOUT_RETURN_TYPE = YES_ERROR;
				GCC_WARN_UNDECLARED_SELECTOR = YES;
				GCC_WARN_UNINITIALIZED_AUTOS = YES_AGGRESSIVE;
				GCC_WARN_UNUSED_FUNCTION = YES;
				GCC_WARN_UNUSED_VARIABLE = YES;
				MACOSX_DEPLOYMENT_TARGET = 10.11;
				MTL_ENABLE_DEBUG_INFO = NO;
				SDKROOT = macosx;
			};
			name = Release;
		};
		600333631CBA0673007BA868 /* Debug */ = {
			isa = XCBuildConfiguration;
			buildSettings = {
				ASSETCATALOG_COMPILER_APPICON_NAME = AppIcon;
				COMBINE_HIDPI_IMAGES = YES;
				INFOPLIST_FILE = Interconnect/Info.plist;
				LD_RUNPATH_SEARCH_PATHS = "$(inherited) @executable_path/../Frameworks";
				PRODUCT_BUNDLE_IDENTIFIER = com.oroboto.Interconnect;
				PRODUCT_NAME = "$(TARGET_NAME)";
			};
			name = Debug;
		};
		600333641CBA0673007BA868 /* Release */ = {
			isa = XCBuildConfiguration;
			buildSettings = {
				ASSETCATALOG_COMPILER_APPICON_NAME = AppIcon;
				COMBINE_HIDPI_IMAGES = YES;
				INFOPLIST_FILE = Interconnect/Info.plist;
				LD_RUNPATH_SEARCH_PATHS = "$(inherited) @executable_path/../Frameworks";
				PRODUCT_BUNDLE_IDENTIFIER = com.oroboto.Interconnect;
				PRODUCT_NAME = "$(TARGET_NAME)";
			};
			name = Release;
		};
/* End XCBuildConfiguration section */

/* Begin XCConfigurationList section */
		6003334C1CBA0673007BA868 /* Build configuration list for PBXProject "Interconnect" */ = {
			isa = XCConfigurationList;
			buildConfigurations = (
				600333601CBA0673007BA868 /* Debug */,
				600333611CBA0673007BA868 /* Release */,
			);
			defaultConfigurationIsVisible = 0;
			defaultConfigurationName = Release;
		};
		600333621CBA0673007BA868 /* Build configuration list for PBXNativeTarget "Interconnect" */ = {
			isa = XCConfigurationList;
			buildConfigurations = (
				600333631CBA0673007BA868 /* Debug */,
				600333641CBA0673007BA868 /* Release */,
			);
			defaultConfigurationIsVisible = 0;
			defaultConfigurationName = Release;
		};
/* End XCConfigurationList section */
	};
	rootObject = 600333491CBA0673007BA868 /* Project object */;
}
